
Microsoft Visual Studio Solution File, Format Version 12.00
# Visual Studio Version 16
VisualStudioVersion = 16.0.28917.181
MinimumVisualStudioVersion = 10.0.40219.1
Project("{FAE04EC0-301F-11D3-BF4B-00C04F79EFBC}") = "MessageFlow", "MessageFlow\MessageFlow.csproj", "{6EEC5F78-7762-421C-BED7-95D1AB467DBC}"
EndProject
Project("{FAE04EC0-301F-11D3-BF4B-00C04F79EFBC}") = "MessageFlow.Model", "MessageFlow.Model\MessageFlow.Model.csproj", "{6C9F2FA8-54B7-4EBF-87DB-39A16C952399}"
EndProject
Global
	GlobalSection(SolutionConfigurationPlatforms) = preSolution
		Debug|Any CPU = Debug|Any CPU
		Release|Any CPU = Release|Any CPU
	EndGlobalSection
	GlobalSection(ProjectConfigurationPlatforms) = postSolution
		{6EEC5F78-7762-421C-BED7-95D1AB467DBC}.Debug|Any CPU.ActiveCfg = Debug|Any CPU
		{6EEC5F78-7762-421C-BED7-95D1AB467DBC}.Debug|Any CPU.Build.0 = Debug|Any CPU
		{6EEC5F78-7762-421C-BED7-95D1AB467DBC}.Release|Any CPU.ActiveCfg = Release|Any CPU
		{6EEC5F78-7762-421C-BED7-95D1AB467DBC}.Release|Any CPU.Build.0 = Release|Any CPU
		{6C9F2FA8-54B7-4EBF-87DB-39A16C952399}.Debug|Any CPU.ActiveCfg = Debug|Any CPU
		{6C9F2FA8-54B7-4EBF-87DB-39A16C952399}.Debug|Any CPU.Build.0 = Debug|Any CPU
		{6C9F2FA8-54B7-4EBF-87DB-39A16C952399}.Release|Any CPU.ActiveCfg = Release|Any CPU
		{6C9F2FA8-54B7-4EBF-87DB-39A16C952399}.Release|Any CPU.Build.0 = Release|Any CPU
	EndGlobalSection
	GlobalSection(SolutionProperties) = preSolution
		HideSolutionNode = FALSE
	EndGlobalSection
	GlobalSection(ExtensibilityGlobals) = postSolution
		SolutionGuid = {D957571C-8ABC-4DDE-9921-C26CC8F5213C}
	EndGlobalSection
EndGlobal
